
Microsoft Visual Studio Solution File, Format Version 12.00
# Visual Studio Version 17
VisualStudioVersion = 17.9.34728.123
MinimumVisualStudioVersion = 10.0.40219.1
Project("{FAE04EC0-301F-11D3-BF4B-00C04F79EFBC}") = "ElementosQuimicos", "ElementosQuimicos.csproj", "{660D561B-F95E-4804-93EE-4CF96C1DC52B}"
EndProject
Global
	GlobalSection(SolutionConfigurationPlatforms) = preSolution
		Debug|Any CPU = Debug|Any CPU
		Release|Any CPU = Release|Any CPU
	EndGlobalSection
	GlobalSection(ProjectConfigurationPlatforms) = postSolution
		{660D561B-F95E-4804-93EE-4CF96C1DC52B}.Debug|Any CPU.ActiveCfg = Debug|Any CPU
		{660D561B-F95E-4804-93EE-4CF96C1DC52B}.Debug|Any CPU.Build.0 = Debug|Any CPU
		{660D561B-F95E-4804-93EE-4CF96C1DC52B}.Debug|Any CPU.Deploy.0 = Debug|Any CPU
		{660D561B-F95E-4804-93EE-4CF96C1DC52B}.Release|Any CPU.ActiveCfg = Release|Any CPU
		{660D561B-F95E-4804-93EE-4CF96C1DC52B}.Release|Any CPU.Build.0 = Release|Any CPU
		{660D561B-F95E-4804-93EE-4CF96C1DC52B}.Release|Any CPU.Deploy.0 = Release|Any CPU
	EndGlobalSection
	GlobalSection(SolutionProperties) = preSolution
		HideSolutionNode = FALSE
	EndGlobalSection
	GlobalSection(ExtensibilityGlobals) = postSolution
		SolutionGuid = {C1FFC3EB-F544-4A10-A5F8-1F7DBDDB0986}
	EndGlobalSection
EndGlobal
